// !$*UTF8*$!
{
	archiveVersion = 1;
	classes = {
	};
	objectVersion = 56;
	objects = {

/* Begin PBXBuildFile section */
		7B5B51C529D076EC00D76512 /* AppDelegate.swift in Sources */ = {isa = PBXBuildFile; fileRef = 7B5B51C429D076EC00D76512 /* AppDelegate.swift */; };
		7B5B51C729D076EC00D76512 /* SceneDelegate.swift in Sources */ = {isa = PBXBuildFile; fileRef = 7B5B51C629D076EC00D76512 /* SceneDelegate.swift */; };
		7B5B51C929D076EC00D76512 /* ViewController.swift in Sources */ = {isa = PBXBuildFile; fileRef = 7B5B51C829D076EC00D76512 /* ViewController.swift */; };
		7B5B51CC29D076EC00D76512 /* Main.storyboard in Resources */ = {isa = PBXBuildFile; fileRef = 7B5B51CA29D076EC00D76512 /* Main.storyboard */; };
		7B5B51CE29D076F000D76512 /* Assets.xcassets in Resources */ = {isa = PBXBuildFile; fileRef = 7B5B51CD29D076F000D76512 /* Assets.xcassets */; };
		7B5B51D129D076F000D76512 /* LaunchScreen.storyboard in Resources */ = {isa = PBXBuildFile; fileRef = 7B5B51CF29D076F000D76512 /* LaunchScreen.storyboard */; };
		7B5B51DC29D076F000D76512 /* tableViewTests.swift in Sources */ = {isa = PBXBuildFile; fileRef = 7B5B51DB29D076F000D76512 /* tableViewTests.swift */; };
		7B5B51E629D076F000D76512 /* tableViewUITests.swift in Sources */ = {isa = PBXBuildFile; fileRef = 7B5B51E529D076F000D76512 /* tableViewUITests.swift */; };
		7B5B51E829D076F000D76512 /* tableViewUITestsLaunchTests.swift in Sources */ = {isa = PBXBuildFile; fileRef = 7B5B51E729D076F000D76512 /* tableViewUITestsLaunchTests.swift */; };
		7B5B51F529D0850200D76512 /* gorselVC.swift in Sources */ = {isa = PBXBuildFile; fileRef = 7B5B51F429D0850200D76512 /* gorselVC.swift */; };
/* End PBXBuildFile section */

/* Begin PBXContainerItemProxy section */
		7B5B51D829D076F000D76512 /* PBXContainerItemProxy */ = {
			isa = PBXContainerItemProxy;
			containerPortal = 7B5B51B929D076EC00D76512 /* Project object */;
			proxyType = 1;
			remoteGlobalIDString = 7B5B51C029D076EC00D76512;
			remoteInfo = tableView;
		};
		7B5B51E229D076F000D76512 /* PBXContainerItemProxy */ = {
			isa = PBXContainerItemProxy;
			containerPortal = 7B5B51B929D076EC00D76512 /* Project object */;
			proxyType = 1;
			remoteGlobalIDString = 7B5B51C029D076EC00D76512;
			remoteInfo = tableView;
		};
/* End PBXContainerItemProxy section */

/* Begin PBXFileReference section */
		7B5B51C129D076EC00D76512 /* tableView.app */ = {isa = PBXFileReference; explicitFileType = wrapper.application; includeInIndex = 0; path = tableView.app; sourceTree = BUILT_PRODUCTS_DIR; };
		7B5B51C429D076EC00D76512 /* AppDelegate.swift */ = {isa = PBXFileReference; lastKnownFileType = sourcecode.swift; path = AppDelegate.swift; sourceTree = "<group>"; };
		7B5B51C629D076EC00D76512 /* SceneDelegate.swift */ = {isa = PBXFileReference; lastKnownFileType = sourcecode.swift; path = SceneDelegate.swift; sourceTree = "<group>"; };
		7B5B51C829D076EC00D76512 /* ViewController.swift */ = {isa = PBXFileReference; lastKnownFileType = sourcecode.swift; path = ViewController.swift; sourceTree = "<group>"; };
		7B5B51CB29D076EC00D76512 /* Base */ = {isa = PBXFileReference; lastKnownFileType = file.storyboard; name = Base; path = Base.lproj/Main.storyboard; sourceTree = "<group>"; };
		7B5B51CD29D076F000D76512 /* Assets.xcassets */ = {isa = PBXFileReference; lastKnownFileType = folder.assetcatalog; path = Assets.xcassets; sourceTree = "<group>"; };
		7B5B51D029D076F000D76512 /* Base */ = {isa = PBXFileReference; lastKnownFileType = file.storyboard; name = Base; path = Base.lproj/LaunchScreen.storyboard; sourceTree = "<group>"; };
		7B5B51D229D076F000D76512 /* Info.plist */ = {isa = PBXFileReference; lastKnownFileType = text.plist.xml; path = Info.plist; sourceTree = "<group>"; };
		7B5B51D729D076F000D76512 /* tableViewTests.xctest */ = {isa = PBXFileReference; explicitFileType = wrapper.cfbundle; includeInIndex = 0; path = tableViewTests.xctest; sourceTree = BUILT_PRODUCTS_DIR; };
		7B5B51DB29D076F000D76512 /* tableViewTests.swift */ = {isa = PBXFileReference; lastKnownFileType = sourcecode.swift; path = tableViewTests.swift; sourceTree = "<group>"; };
		7B5B51E129D076F000D76512 /* tableViewUITests.xctest */ = {isa = PBXFileReference; explicitFileType = wrapper.cfbundle; includeInIndex = 0; path = tableViewUITests.xctest; sourceTree = BUILT_PRODUCTS_DIR; };
		7B5B51E529D076F000D76512 /* tableViewUITests.swift */ = {isa = PBXFileReference; lastKnownFileType = sourcecode.swift; path = tableViewUITests.swift; sourceTree = "<group>"; };
		7B5B51E729D076F000D76512 /* tableViewUITestsLaunchTests.swift */ = {isa = PBXFileReference; lastKnownFileType = sourcecode.swift; path = tableViewUITestsLaunchTests.swift; sourceTree = "<group>"; };
		7B5B51F429D0850200D76512 /* gorselVC.swift */ = {isa = PBXFileReference; lastKnownFileType = sourcecode.swift; path = gorselVC.swift; sourceTree = "<group>"; };
/* End PBXFileReference section */

/* Begin PBXFrameworksBuildPhase section */
		7B5B51BE29D076EC00D76512 /* Frameworks */ = {
			isa = PBXFrameworksBuildPhase;
			buildActionMask = 2147483647;
			files = (
			);
			runOnlyForDeploymentPostprocessing = 0;
		};
		7B5B51D429D076F000D76512 /* Frameworks */ = {
			isa = PBXFrameworksBuildPhase;
			buildActionMask = 2147483647;
			files = (
			);
			runOnlyForDeploymentPostprocessing = 0;
		};
		7B5B51DE29D076F000D76512 /* Frameworks */ = {
			isa = PBXFrameworksBuildPhase;
			buildActionMask = 2147483647;
			files = (
			);
			runOnlyForDeploymentPostprocessing = 0;
		};
/* End PBXFrameworksBuildPhase section */

/* Begin PBXGroup section */
		7B5B51B829D076EC00D76512 = {
			isa = PBXGroup;
			children = (
				7B5B51C329D076EC00D76512 /* tableView */,
				7B5B51DA29D076F000D76512 /* tableViewTests */,
				7B5B51E429D076F000D76512 /* tableViewUITests */,
				7B5B51C229D076EC00D76512 /* Products */,
			);
			sourceTree = "<group>";
		};
		7B5B51C229D076EC00D76512 /* Products */ = {
			isa = PBXGroup;
			children = (
				7B5B51C129D076EC00D76512 /* tableView.app */,
				7B5B51D729D076F000D76512 /* tableViewTests.xctest */,
				7B5B51E129D076F000D76512 /* tableViewUITests.xctest */,
			);
			name = Products;
			sourceTree = "<group>";
		};
		7B5B51C329D076EC00D76512 /* tableView */ = {
			isa = PBXGroup;
			children = (
				7B5B51C429D076EC00D76512 /* AppDelegate.swift */,
				7B5B51C629D076EC00D76512 /* SceneDelegate.swift */,
				7B5B51C829D076EC00D76512 /* ViewController.swift */,
				7B5B51CA29D076EC00D76512 /* Main.storyboard */,
				7B5B51F429D0850200D76512 /* gorselVC.swift */,
				7B5B51CD29D076F000D76512 /* Assets.xcassets */,
				7B5B51CF29D076F000D76512 /* LaunchScreen.storyboard */,
				7B5B51D229D076F000D76512 /* Info.plist */,
			);
			path = tableView;
			sourceTree = "<group>";
		};
		7B5B51DA29D076F000D76512 /* tableViewTests */ = {
			isa = PBXGroup;
			children = (
				7B5B51DB29D076F000D76512 /* tableViewTests.swift */,
			);
			path = tableViewTests;
			sourceTree = "<group>";
		};
		7B5B51E429D076F000D76512 /* tableViewUITests */ = {
			isa = PBXGroup;
			children = (
				7B5B51E529D076F000D76512 /* tableViewUITests.swift */,
				7B5B51E729D076F000D76512 /* tableViewUITestsLaunchTests.swift */,
			);
			path = tableViewUITests;
			sourceTree = "<group>";
		};
/* End PBXGroup section */

/* Begin PBXNativeTarget section */
		7B5B51C029D076EC00D76512 /* tableView */ = {
			isa = PBXNativeTarget;
			buildConfigurationList = 7B5B51EB29D076F000D76512 /* Build configuration list for PBXNativeTarget "tableView" */;
			buildPhases = (
				7B5B51BD29D076EC00D76512 /* Sources */,
				7B5B51BE29D076EC00D76512 /* Frameworks */,
				7B5B51BF29D076EC00D76512 /* Resources */,
			);
			buildRules = (
			);
			dependencies = (
			);
			name = tableView;
			productName = tableView;
			productReference = 7B5B51C129D076EC00D76512 /* tableView.app */;
			productType = "com.apple.product-type.application";
		};
		7B5B51D629D076F000D76512 /* tableViewTests */ = {
			isa = PBXNativeTarget;
			buildConfigurationList = 7B5B51EE29D076F000D76512 /* Build configuration list for PBXNativeTarget "tableViewTests" */;
			buildPhases = (
				7B5B51D329D076F000D76512 /* Sources */,
				7B5B51D429D076F000D76512 /* Frameworks */,
				7B5B51D529D076F000D76512 /* Resources */,
			);
			buildRules = (
			);
			dependencies = (
				7B5B51D929D076F000D76512 /* PBXTargetDependency */,
			);
			name = tableViewTests;
			productName = tableViewTests;
			productReference = 7B5B51D729D076F000D76512 /* tableViewTests.xctest */;
			productType = "com.apple.product-type.bundle.unit-test";
		};
		7B5B51E029D076F000D76512 /* tableViewUITests */ = {
			isa = PBXNativeTarget;
			buildConfigurationList = 7B5B51F129D076F000D76512 /* Build configuration list for PBXNativeTarget "tableViewUITests" */;
			buildPhases = (
				7B5B51DD29D076F000D76512 /* Sources */,
				7B5B51DE29D076F000D76512 /* Frameworks */,
				7B5B51DF29D076F000D76512 /* Resources */,
			);
			buildRules = (
			);
			dependencies = (
				7B5B51E329D076F000D76512 /* PBXTargetDependency */,
			);
			name = tableViewUITests;
			productName = tableViewUITests;
			productReference = 7B5B51E129D076F000D76512 /* tableViewUITests.xctest */;
			productType = "com.apple.product-type.bundle.ui-testing";
		};
/* End PBXNativeTarget section */

/* Begin PBXProject section */
		7B5B51B929D076EC00D76512 /* Project object */ = {
			isa = PBXProject;
			attributes = {
				BuildIndependentTargetsInParallel = 1;
				LastSwiftUpdateCheck = 1420;
				LastUpgradeCheck = 1420;
				TargetAttributes = {
					7B5B51C029D076EC00D76512 = {
						CreatedOnToolsVersion = 14.2;
					};
					7B5B51D629D076F000D76512 = {
						CreatedOnToolsVersion = 14.2;
						TestTargetID = 7B5B51C029D076EC00D76512;
					};
					7B5B51E029D076F000D76512 = {
						CreatedOnToolsVersion = 14.2;
						TestTargetID = 7B5B51C029D076EC00D76512;
					};
				};
			};
			buildConfigurationList = 7B5B51BC29D076EC00D76512 /* Build configuration list for PBXProject "tableView" */;
			compatibilityVersion = "Xcode 14.0";
			developmentRegion = en;
			hasScannedForEncodings = 0;
			knownRegions = (
				en,
				Base,
			);
			mainGroup = 7B5B51B829D076EC00D76512;
			productRefGroup = 7B5B51C229D076EC00D76512 /* Products */;
			projectDirPath = "";
			projectRoot = "";
			targets = (
				7B5B51C029D076EC00D76512 /* tableView */,
				7B5B51D629D076F000D76512 /* tableViewTests */,
				7B5B51E029D076F000D76512 /* tableViewUITests */,
			);
		};
/* End PBXProject section */

/* Begin PBXResourcesBuildPhase section */
		7B5B51BF29D076EC00D76512 /* Resources */ = {
			isa = PBXResourcesBuildPhase;
			buildActionMask = 2147483647;
			files = (
				7B5B51D129D076F000D76512 /* LaunchScreen.storyboard in Resources */,
				7B5B51CE29D076F000D76512 /* Assets.xcassets in Resources */,
				7B5B51CC29D076EC00D76512 /* Main.storyboard in Resources */,
			);
			runOnlyForDeploymentPostprocessing = 0;
		};
		7B5B51D529D076F000D76512 /* Resources */ = {
			isa = PBXResourcesBuildPhase;
			buildActionMask = 2147483647;
			files = (
			);
			runOnlyForDeploymentPostprocessing = 0;
		};
		7B5B51DF29D076F000D76512 /* Resources */ = {
			isa = PBXResourcesBuildPhase;
			buildActionMask = 2147483647;
			files = (
			);
			runOnlyForDeploymentPostprocessing = 0;
		};
/* End PBXResourcesBuildPhase section */

/* Begin PBXSourcesBuildPhase section */
		7B5B51BD29D076EC00D76512 /* Sources */ = {
			isa = PBXSourcesBuildPhase;
			buildActionMask = 2147483647;
			files = (
				7B5B51C929D076EC00D76512 /* ViewController.swift in Sources */,
				7B5B51C529D076EC00D76512 /* AppDelegate.swift in Sources */,
				7B5B51F529D0850200D76512 /* gorselVC.swift in Sources */,
				7B5B51C729D076EC00D76512 /* SceneDelegate.swift in Sources */,
			);
			runOnlyForDeploymentPostprocessing = 0;
		};
		7B5B51D329D076F000D76512 /* Sources */ = {
			isa = PBXSourcesBuildPhase;
			buildActionMask = 2147483647;
			files = (
				7B5B51DC29D076F000D76512 /* tableViewTests.swift in Sources */,
			);
			runOnlyForDeploymentPostprocessing = 0;
		};
		7B5B51DD29D076F000D76512 /* Sources */ = {
			isa = PBXSourcesBuildPhase;
			buildActionMask = 2147483647;
			files = (
				7B5B51E829D076F000D76512 /* tableViewUITestsLaunchTests.swift in Sources */,
				7B5B51E629D076F000D76512 /* tableViewUITests.swift in Sources */,
			);
			runOnlyForDeploymentPostprocessing = 0;
		};
/* End PBXSourcesBuildPhase section */

/* Begin PBXTargetDependency section */
		7B5B51D929D076F000D76512 /* PBXTargetDependency */ = {
			isa = PBXTargetDependency;
			target = 7B5B51C029D076EC00D76512 /* tableView */;
			targetProxy = 7B5B51D829D076F000D76512 /* PBXContainerItemProxy */;
		};
		7B5B51E329D076F000D76512 /* PBXTargetDependency */ = {
			isa = PBXTargetDependency;
			target = 7B5B51C029D076EC00D76512 /* tableView */;
			targetProxy = 7B5B51E229D076F000D76512 /* PBXContainerItemProxy */;
		};
/* End PBXTargetDependency section */

/* Begin PBXVariantGroup section */
		7B5B51CA29D076EC00D76512 /* Main.storyboard */ = {
			isa = PBXVariantGroup;
			children = (
				7B5B51CB29D076EC00D76512 /* Base */,
			);
			name = Main.storyboard;
			sourceTree = "<group>";
		};
		7B5B51CF29D076F000D76512 /* LaunchScreen.storyboard */ = {
			isa = PBXVariantGroup;
			children = (
				7B5B51D029D076F000D76512 /* Base */,
			);
			name = LaunchScreen.storyboard;
			sourceTree = "<group>";
		};
/* End PBXVariantGroup section */

/* Begin XCBuildConfiguration section */
		7B5B51E929D076F000D76512 /* Debug */ = {
			isa = XCBuildConfiguration;
			buildSettings = {
				ALWAYS_SEARCH_USER_PATHS = NO;
				CLANG_ANALYZER_NONNULL = YES;
				CLANG_ANALYZER_NUMBER_OBJECT_CONVERSION = YES_AGGRESSIVE;
				CLANG_CXX_LANGUAGE_STANDARD = "gnu++20";
				CLANG_ENABLE_MODULES = YES;
				CLANG_ENABLE_OBJC_ARC = YES;
				CLANG_ENABLE_OBJC_WEAK = YES;
				CLANG_WARN_BLOCK_CAPTURE_AUTORELEASING = YES;
				CLANG_WARN_BOOL_CONVERSION = YES;
				CLANG_WARN_COMMA = YES;
				CLANG_WARN_CONSTANT_CONVERSION = YES;
				CLANG_WARN_DEPRECATED_OBJC_IMPLEMENTATIONS = YES;
				CLANG_WARN_DIRECT_OBJC_ISA_USAGE = YES_ERROR;
				CLANG_WARN_DOCUMENTATION_COMMENTS = YES;
				CLANG_WARN_EMPTY_BODY = YES;
				CLANG_WARN_ENUM_CONVERSION = YES;
				CLANG_WARN_INFINITE_RECURSION = YES;
				CLANG_WARN_INT_CONVERSION = YES;
				CLANG_WARN_NON_LITERAL_NULL_CONVERSION = YES;
				CLANG_WARN_OBJC_IMPLICIT_RETAIN_SELF = YES;
				CLANG_WARN_OBJC_LITERAL_CONVERSION = YES;
				CLANG_WARN_OBJC_ROOT_CLASS = YES_ERROR;
				CLANG_WARN_QUOTED_INCLUDE_IN_FRAMEWORK_HEADER = YES;
				CLANG_WARN_RANGE_LOOP_ANALYSIS = YES;
				CLANG_WARN_STRICT_PROTOTYPES = YES;
				CLANG_WARN_SUSPICIOUS_MOVE = YES;
				CLANG_WARN_UNGUARDED_AVAILABILITY = YES_AGGRESSIVE;
				CLANG_WARN_UNREACHABLE_CODE = YES;
				CLANG_WARN__DUPLICATE_METHOD_MATCH = YES;
				COPY_PHASE_STRIP = NO;
				DEBUG_INFORMATION_FORMAT = dwarf;
				ENABLE_STRICT_OBJC_MSGSEND = YES;
				ENABLE_TESTABILITY = YES;
				GCC_C_LANGUAGE_STANDARD = gnu11;
				GCC_DYNAMIC_NO_PIC = NO;
				GCC_NO_COMMON_BLOCKS = YES;
				GCC_OPTIMIZATION_LEVEL = 0;
				GCC_PREPROCESSOR_DEFINITIONS = (
					"DEBUG=1",
					"$(inherited)",
				);
				GCC_WARN_64_TO_32_BIT_CONVERSION = YES;
				GCC_WARN_ABOUT_RETURN_TYPE = YES_ERROR;
				GCC_WARN_UNDECLARED_SELECTOR = YES;
				GCC_WARN_UNINITIALIZED_AUTOS = YES_AGGRESSIVE;
				GCC_WARN_UNUSED_FUNCTION = YES;
				GCC_WARN_UNUSED_VARIABLE = YES;
				IPHONEOS_DEPLOYMENT_TARGET = 16.2;
				MTL_ENABLE_DEBUG_INFO = INCLUDE_SOURCE;
				MTL_FAST_MATH = YES;
				ONLY_ACTIVE_ARCH = YES;
				SDKROOT = iphoneos;
				SWIFT_ACTIVE_COMPILATION_CONDITIONS = DEBUG;
				SWIFT_OPTIMIZATION_LEVEL = "-Onone";
			};
			name = Debug;
		};
		7B5B51EA29D076F000D76512 /* Release */ = {
			isa = XCBuildConfiguration;
			buildSettings = {
				ALWAYS_SEARCH_USER_PATHS = NO;
				CLANG_ANALYZER_NONNULL = YES;
				CLANG_ANALYZER_NUMBER_OBJECT_CONVERSION = YES_AGGRESSIVE;
				CLANG_CXX_LANGUAGE_STANDARD = "gnu++20";
				CLANG_ENABLE_MODULES = YES;
				CLANG_ENABLE_OBJC_ARC = YES;
				CLANG_ENABLE_OBJC_WEAK = YES;
				CLANG_WARN_BLOCK_CAPTURE_AUTORELEASING = YES;
				CLANG_WARN_BOOL_CONVERSION = YES;
				CLANG_WARN_COMMA = YES;
				CLANG_WARN_CONSTANT_CONVERSION = YES;
				CLANG_WARN_DEPRECATED_OBJC_IMPLEMENTATIONS = YES;
				CLANG_WARN_DIRECT_OBJC_ISA_USAGE = YES_ERROR;
				CLANG_WARN_DOCUMENTATION_COMMENTS = YES;
				CLANG_WARN_EMPTY_BODY = YES;
				CLANG_WARN_ENUM_CONVERSION = YES;
				CLANG_WARN_INFINITE_RECURSION = YES;
				CLANG_WARN_INT_CONVERSION = YES;
				CLANG_WARN_NON_LITERAL_NULL_CONVERSION = YES;
				CLANG_WARN_OBJC_IMPLICIT_RETAIN_SELF = YES;
				CLANG_WARN_OBJC_LITERAL_CONVERSION = YES;
				CLANG_WARN_OBJC_ROOT_CLASS = YES_ERROR;
				CLANG_WARN_QUOTED_INCLUDE_IN_FRAMEWORK_HEADER = YES;
				CLANG_WARN_RANGE_LOOP_ANALYSIS = YES;
				CLANG_WARN_STRICT_PROTOTYPES = YES;
				CLANG_WARN_SUSPICIOUS_MOVE = YES;
				CLANG_WARN_UNGUARDED_AVAILABILITY = YES_AGGRESSIVE;
				CLANG_WARN_UNREACHABLE_CODE = YES;
				CLANG_WARN__DUPLICATE_METHOD_MATCH = YES;
				COPY_PHASE_STRIP = NO;
				DEBUG_INFORMATION_FORMAT = "dwarf-with-dsym";
				ENABLE_NS_ASSERTIONS = NO;
				ENABLE_STRICT_OBJC_MSGSEND = YES;
				GCC_C_LANGUAGE_STANDARD = gnu11;
				GCC_NO_COMMON_BLOCKS = YES;
				GCC_WARN_64_TO_32_BIT_CONVERSION = YES;
				GCC_WARN_ABOUT_RETURN_TYPE = YES_ERROR;
				GCC_WARN_UNDECLARED_SELECTOR = YES;
				GCC_WARN_UNINITIALIZED_AUTOS = YES_AGGRESSIVE;
				GCC_WARN_UNUSED_FUNCTION = YES;
				GCC_WARN_UNUSED_VARIABLE = YES;
				IPHONEOS_DEPLOYMENT_TARGET = 16.2;
				MTL_ENABLE_DEBUG_INFO = NO;
				MTL_FAST_MATH = YES;
				SDKROOT = iphoneos;
				SWIFT_COMPILATION_MODE = wholemodule;
				SWIFT_OPTIMIZATION_LEVEL = "-O";
				VALIDATE_PRODUCT = YES;
			};
			name = Release;
		};
		7B5B51EC29D076F000D76512 /* Debug */ = {
			isa = XCBuildConfiguration;
			buildSettings = {
				ASSETCATALOG_COMPILER_APPICON_NAME = AppIcon;
				ASSETCATALOG_COMPILER_GLOBAL_ACCENT_COLOR_NAME = AccentColor;
				CODE_SIGN_STYLE = Automatic;
				CURRENT_PROJECT_VERSION = 1;
				GENERATE_INFOPLIST_FILE = YES;
				INFOPLIST_FILE = tableView/Info.plist;
				INFOPLIST_KEY_UIApplicationSupportsIndirectInputEvents = YES;
				INFOPLIST_KEY_UILaunchStoryboardName = LaunchScreen;
				INFOPLIST_KEY_UIMainStoryboardFile = Main;
				INFOPLIST_KEY_UISupportedInterfaceOrientations_iPad = "UIInterfaceOrientationPortrait UIInterfaceOrientationPortraitUpsideDown UIInterfaceOrientationLandscapeLeft UIInterfaceOrientationLandscapeRight";
				INFOPLIST_KEY_UISupportedInterfaceOrientations_iPhone = "UIInterfaceOrientationPortrait UIInterfaceOrientationLandscapeLeft UIInterfaceOrientationLandscapeRight";
				LD_RUNPATH_SEARCH_PATHS = (
					"$(inherited)",
					"@executable_path/Frameworks",
				);
				MARKETING_VERSION = 1.0;
				PRODUCT_BUNDLE_IDENTIFIER = etopes.tableView;
				PRODUCT_NAME = "$(TARGET_NAME)";
				SWIFT_EMIT_LOC_STRINGS = YES;
				SWIFT_VERSION = 5.0;
				TARGETED_DEVICE_FAMILY = "1,2";
			};
			name = Debug;
		};
		7B5B51ED29D076F000D76512 /* Release */ = {
			isa = XCBuildConfiguration;
			buildSettings = {
				ASSETCATALOG_COMPILER_APPICON_NAME = AppIcon;
				ASSETCATALOG_COMPILER_GLOBAL_ACCENT_COLOR_NAME = AccentColor;
				CODE_SIGN_STYLE = Automatic;
				CURRENT_PROJECT_VERSION = 1;
				GENERATE_INFOPLIST_FILE = YES;
				INFOPLIST_FILE = tableView/Info.plist;
				INFOPLIST_KEY_UIApplicationSupportsIndirectInputEvents = YES;
				INFOPLIST_KEY_UILaunchStoryboardName = LaunchScreen;
				INFOPLIST_KEY_UIMainStoryboardFile = Main;
				INFOPLIST_KEY_UISupportedInterfaceOrientations_iPad = "UIInterfaceOrientationPortrait UIInterfaceOrientationPortraitUpsideDown UIInterfaceOrientationLandscapeLeft UIInterfaceOrientationLandscapeRight";
				INFOPLIST_KEY_UISupportedInterfaceOrientations_iPhone = "UIInterfaceOrientationPortrait UIInterfaceOrientationLandscapeLeft UIInterfaceOrientationLandscapeRight";
				LD_RUNPATH_SEARCH_PATHS = (
					"$(inherited)",
					"@executable_path/Frameworks",
				);
				MARKETING_VERSION = 1.0;
				PRODUCT_BUNDLE_IDENTIFIER = etopes.tableView;
				PRODUCT_NAME = "$(TARGET_NAME)";
				SWIFT_EMIT_LOC_STRINGS = YES;
				SWIFT_VERSION = 5.0;
				TARGETED_DEVICE_FAMILY = "1,2";
			};
			name = Release;
		};
		7B5B51EF29D076F000D76512 /* Debug */ = {
			isa = XCBuildConfiguration;
			buildSettings = {
				ALWAYS_EMBED_SWIFT_STANDARD_LIBRARIES = YES;
				BUNDLE_LOADER = "$(TEST_HOST)";
				CODE_SIGN_STYLE = Automatic;
				CURRENT_PROJECT_VERSION = 1;
				GENERATE_INFOPLIST_FILE = YES;
				IPHONEOS_DEPLOYMENT_TARGET = 16.2;
				MARKETING_VERSION = 1.0;
				PRODUCT_BUNDLE_IDENTIFIER = etopes.tableViewTests;
				PRODUCT_NAME = "$(TARGET_NAME)";
				SWIFT_EMIT_LOC_STRINGS = NO;
				SWIFT_VERSION = 5.0;
				TARGETED_DEVICE_FAMILY = "1,2";
				TEST_HOST = "$(BUILT_PRODUCTS_DIR)/tableView.app/$(BUNDLE_EXECUTABLE_FOLDER_PATH)/tableView";
			};
			name = Debug;
		};
		7B5B51F029D076F000D76512 /* Release */ = {
			isa = XCBuildConfiguration;
			buildSettings = {
				ALWAYS_EMBED_SWIFT_STANDARD_LIBRARIES = YES;
				BUNDLE_LOADER = "$(TEST_HOST)";
				CODE_SIGN_STYLE = Automatic;
				CURRENT_PROJECT_VERSION = 1;
				GENERATE_INFOPLIST_FILE = YES;
				IPHONEOS_DEPLOYMENT_TARGET = 16.2;
				MARKETING_VERSION = 1.0;
				PRODUCT_BUNDLE_IDENTIFIER = etopes.tableViewTests;
				PRODUCT_NAME = "$(TARGET_NAME)";
				SWIFT_EMIT_LOC_STRINGS = NO;
				SWIFT_VERSION = 5.0;
				TARGETED_DEVICE_FAMILY = "1,2";
				TEST_HOST = "$(BUILT_PRODUCTS_DIR)/tableView.app/$(BUNDLE_EXECUTABLE_FOLDER_PATH)/tableView";
			};
			name = Release;
		};
		7B5B51F229D076F000D76512 /* Debug */ = {
			isa = XCBuildConfiguration;
			buildSettings = {
				ALWAYS_EMBED_SWIFT_STANDARD_LIBRARIES = YES;
				CODE_SIGN_STYLE = Automatic;
				CURRENT_PROJECT_VERSION = 1;
				GENERATE_INFOPLIST_FILE = YES;
				MARKETING_VERSION = 1.0;
				PRODUCT_BUNDLE_IDENTIFIER = etopes.tableViewUITests;
				PRODUCT_NAME = "$(TARGET_NAME)";
				SWIFT_EMIT_LOC_STRINGS = NO;
				SWIFT_VERSION = 5.0;
				TARGETED_DEVICE_FAMILY = "1,2";
				TEST_TARGET_NAME = tableView;
			};
			name = Debug;
		};
		7B5B51F329D076F000D76512 /* Release */ = {
			isa = XCBuildConfiguration;
			buildSettings = {
				ALWAYS_EMBED_SWIFT_STANDARD_LIBRARIES = YES;
				CODE_SIGN_STYLE = Automatic;
				CURRENT_PROJECT_VERSION = 1;
				GENERATE_INFOPLIST_FILE = YES;
				MARKETING_VERSION = 1.0;
				PRODUCT_BUNDLE_IDENTIFIER = etopes.tableViewUITests;
				PRODUCT_NAME = "$(TARGET_NAME)";
				SWIFT_EMIT_LOC_STRINGS = NO;
				SWIFT_VERSION = 5.0;
				TARGETED_DEVICE_FAMILY = "1,2";
				TEST_TARGET_NAME = tableView;
			};
			name = Release;
		};
/* End XCBuildConfiguration section */

/* Begin XCConfigurationList section */
		7B5B51BC29D076EC00D76512 /* Build configuration list for PBXProject "tableView" */ = {
			isa = XCConfigurationList;
			buildConfigurations = (
				7B5B51E929D076F000D76512 /* Debug */,
				7B5B51EA29D076F000D76512 /* Release */,
			);
			defaultConfigurationIsVisible = 0;
			defaultConfigurationName = Release;
		};
		7B5B51EB29D076F000D76512 /* Build configuration list for PBXNativeTarget "tableView" */ = {
			isa = XCConfigurationList;
			buildConfigurations = (
				7B5B51EC29D076F000D76512 /* Debug */,
				7B5B51ED29D076F000D76512 /* Release */,
			);
			defaultConfigurationIsVisible = 0;
			defaultConfigurationName = Release;
		};
		7B5B51EE29D076F000D76512 /* Build configuration list for PBXNativeTarget "tableViewTests" */ = {
			isa = XCConfigurationList;
			buildConfigurations = (
				7B5B51EF29D076F000D76512 /* Debug */,
				7B5B51F029D076F000D76512 /* Release */,
			);
			defaultConfigurationIsVisible = 0;
			defaultConfigurationName = Release;
		};
		7B5B51F129D076F000D76512 /* Build configuration list for PBXNativeTarget "tableViewUITests" */ = {
			isa = XCConfigurationList;
			buildConfigurations = (
				7B5B51F229D076F000D76512 /* Debug */,
				7B5B51F329D076F000D76512 /* Release */,
			);
			defaultConfigurationIsVisible = 0;
			defaultConfigurationName = Release;
		};
/* End XCConfigurationList section */
	};
	rootObject = 7B5B51B929D076EC00D76512 /* Project object */;
}
